
Microsoft Visual Studio Solution File, Format Version 12.00
# Visual Studio Version 17
VisualStudioVersion = 17.8.34004.107
MinimumVisualStudioVersion = 10.0.40219.1
Project("{FAE04EC0-301F-11D3-BF4B-00C04F79EFBC}") = "BlazorRefreshBug", "BlazorRefreshBug\BlazorRefreshBug.csproj", "{F5F707A0-5FE4-4201-9A92-1ED30ADA6286}"
EndProject
Global
	GlobalSection(SolutionConfigurationPlatforms) = preSolution
		Debug|Any CPU = Debug|Any CPU
		Release|Any CPU = Release|Any CPU
	EndGlobalSection
	GlobalSection(ProjectConfigurationPlatforms) = postSolution
		{F5F707A0-5FE4-4201-9A92-1ED30ADA6286}.Debug|Any CPU.ActiveCfg = Debug|Any CPU
		{F5F707A0-5FE4-4201-9A92-1ED30ADA6286}.Debug|Any CPU.Build.0 = Debug|Any CPU
		{F5F707A0-5FE4-4201-9A92-1ED30ADA6286}.Release|Any CPU.ActiveCfg = Release|Any CPU
		{F5F707A0-5FE4-4201-9A92-1ED30ADA6286}.Release|Any CPU.Build.0 = Release|Any CPU
	EndGlobalSection
	GlobalSection(SolutionProperties) = preSolution
		HideSolutionNode = FALSE
	EndGlobalSection
	GlobalSection(ExtensibilityGlobals) = postSolution
		SolutionGuid = {55116615-52D1-4474-B292-A9FF34567464}
	EndGlobalSection
EndGlobal
